
Microsoft Visual Studio Solution File, Format Version 12.00
# Visual Studio Version 16
VisualStudioVersion = 16.0.30804.86
MinimumVisualStudioVersion = 10.0.40219.1
Project("{9A19103F-16F7-4668-BE54-9A1E7A4F7556}") = "ColorSpaces", "ConsoleApp\ColorSpaces.csproj", "{411FE028-7DDB-4F15-AF16-19412D152CD0}"
EndProject
Global
	GlobalSection(SolutionConfigurationPlatforms) = preSolution
		Debug|Any CPU = Debug|Any CPU
		Release|Any CPU = Release|Any CPU
	EndGlobalSection
	GlobalSection(ProjectConfigurationPlatforms) = postSolution
		{411FE028-7DDB-4F15-AF16-19412D152CD0}.Debug|Any CPU.ActiveCfg = Debug|Any CPU
		{411FE028-7DDB-4F15-AF16-19412D152CD0}.Debug|Any CPU.Build.0 = Debug|Any CPU
		{411FE028-7DDB-4F15-AF16-19412D152CD0}.Release|Any CPU.ActiveCfg = Release|Any CPU
		{411FE028-7DDB-4F15-AF16-19412D152CD0}.Release|Any CPU.Build.0 = Release|Any CPU
	EndGlobalSection
	GlobalSection(SolutionProperties) = preSolution
		HideSolutionNode = FALSE
	EndGlobalSection
	GlobalSection(ExtensibilityGlobals) = postSolution
		SolutionGuid = {2D976F0F-5AB7-4737-A5D6-7264C9FCF902}
	EndGlobalSection
EndGlobal
